// !$*UTF8*$!
{
	archiveVersion = 1;
	classes = {
	};
	objectVersion = 77;
	objects = {

/* Begin PBXContainerItemProxy section */
		ED5FABE42D90DB6E0077E31B /* PBXContainerItemProxy */ = {
			isa = PBXContainerItemProxy;
			containerPortal = EDAF7A3F2D8D8E4B00C503EE /* Project object */;
			proxyType = 1;
			remoteGlobalIDString = EDAF7A462D8D8E4B00C503EE;
			remoteInfo = WalmartCodingChallenge;
		};
		ED5FABF32D90DB840077E31B /* PBXContainerItemProxy */ = {
			isa = PBXContainerItemProxy;
			containerPortal = EDAF7A3F2D8D8E4B00C503EE /* Project object */;
			proxyType = 1;
			remoteGlobalIDString = EDAF7A462D8D8E4B00C503EE;
			remoteInfo = WalmartCodingChallenge;
		};
/* End PBXContainerItemProxy section */

/* Begin PBXFileReference section */
		ED5FABE02D90DB6E0077E31B /* WalmartCodingChallengeUnitTests.xctest */ = {isa = PBXFileReference; explicitFileType = wrapper.cfbundle; includeInIndex = 0; path = WalmartCodingChallengeUnitTests.xctest; sourceTree = BUILT_PRODUCTS_DIR; };
		ED5FABED2D90DB840077E31B /* WalmartCodingChallengeUITests.xctest */ = {isa = PBXFileReference; explicitFileType = wrapper.cfbundle; includeInIndex = 0; path = WalmartCodingChallengeUITests.xctest; sourceTree = BUILT_PRODUCTS_DIR; };
		EDAF7A472D8D8E4B00C503EE /* WalmartCodingChallenge.app */ = {isa = PBXFileReference; explicitFileType = wrapper.application; includeInIndex = 0; path = WalmartCodingChallenge.app; sourceTree = BUILT_PRODUCTS_DIR; };
/* End PBXFileReference section */

/* Begin PBXFileSystemSynchronizedBuildFileExceptionSet section */
		EDAF7A6F2D8D8E4C00C503EE /* Exceptions for "WalmartCodingChallenge" folder in "WalmartCodingChallenge" target */ = {
			isa = PBXFileSystemSynchronizedBuildFileExceptionSet;
			membershipExceptions = (
				Info.plist,
			);
			target = EDAF7A462D8D8E4B00C503EE /* WalmartCodingChallenge */;
		};
/* End PBXFileSystemSynchronizedBuildFileExceptionSet section */

/* Begin PBXFileSystemSynchronizedRootGroup section */
		ED5FABE12D90DB6E0077E31B /* WalmartCodingChallengeUnitTests */ = {
			isa = PBXFileSystemSynchronizedRootGroup;
			path = WalmartCodingChallengeUnitTests;
			sourceTree = "<group>";
		};
		ED5FABEE2D90DB840077E31B /* WalmartCodingChallengeUITests */ = {
			isa = PBXFileSystemSynchronizedRootGroup;
			path = WalmartCodingChallengeUITests;
			sourceTree = "<group>";
		};
		EDAF7A492D8D8E4B00C503EE /* WalmartCodingChallenge */ = {
			isa = PBXFileSystemSynchronizedRootGroup;
			exceptions = (
				EDAF7A6F2D8D8E4C00C503EE /* Exceptions for "WalmartCodingChallenge" folder in "WalmartCodingChallenge" target */,
			);
			path = WalmartCodingChallenge;
			sourceTree = "<group>";
		};
/* End PBXFileSystemSynchronizedRootGroup section */

/* Begin PBXFrameworksBuildPhase section */
		ED5FABDD2D90DB6E0077E31B /* Frameworks */ = {
			isa = PBXFrameworksBuildPhase;
			buildActionMask = 2147483647;
			files = (
			);
			runOnlyForDeploymentPostprocessing = 0;
		};
		ED5FABEA2D90DB840077E31B /* Frameworks */ = {
			isa = PBXFrameworksBuildPhase;
			buildActionMask = 2147483647;
			files = (
			);
			runOnlyForDeploymentPostprocessing = 0;
		};
		EDAF7A442D8D8E4B00C503EE /* Frameworks */ = {
			isa = PBXFrameworksBuildPhase;
			buildActionMask = 2147483647;
			files = (
			);
			runOnlyForDeploymentPostprocessing = 0;
		};
/* End PBXFrameworksBuildPhase section */

/* Begin PBXGroup section */
		EDAF7A3E2D8D8E4B00C503EE = {
			isa = PBXGroup;
			children = (
				EDAF7A492D8D8E4B00C503EE /* WalmartCodingChallenge */,
				ED5FABE12D90DB6E0077E31B /* WalmartCodingChallengeUnitTests */,
				ED5FABEE2D90DB840077E31B /* WalmartCodingChallengeUITests */,
				EDAF7A482D8D8E4B00C503EE /* Products */,
			);
			sourceTree = "<group>";
		};
		EDAF7A482D8D8E4B00C503EE /* Products */ = {
			isa = PBXGroup;
			children = (
				EDAF7A472D8D8E4B00C503EE /* WalmartCodingChallenge.app */,
				ED5FABE02D90DB6E0077E31B /* WalmartCodingChallengeUnitTests.xctest */,
				ED5FABED2D90DB840077E31B /* WalmartCodingChallengeUITests.xctest */,
			);
			name = Products;
			sourceTree = "<group>";
		};
/* End PBXGroup section */

/* Begin PBXNativeTarget section */
		ED5FABDF2D90DB6E0077E31B /* WalmartCodingChallengeUnitTests */ = {
			isa = PBXNativeTarget;
			buildConfigurationList = ED5FABE62D90DB6E0077E31B /* Build configuration list for PBXNativeTarget "WalmartCodingChallengeUnitTests" */;
			buildPhases = (
				ED5FABDC2D90DB6E0077E31B /* Sources */,
				ED5FABDD2D90DB6E0077E31B /* Frameworks */,
				ED5FABDE2D90DB6E0077E31B /* Resources */,
			);
			buildRules = (
			);
			dependencies = (
				ED5FABE52D90DB6E0077E31B /* PBXTargetDependency */,
			);
			fileSystemSynchronizedGroups = (
				ED5FABE12D90DB6E0077E31B /* WalmartCodingChallengeUnitTests */,
			);
			name = WalmartCodingChallengeUnitTests;
			packageProductDependencies = (
			);
			productName = WalmartCodingChallengeUnitTests;
			productReference = ED5FABE02D90DB6E0077E31B /* WalmartCodingChallengeUnitTests.xctest */;
			productType = "com.apple.product-type.bundle.unit-test";
		};
		ED5FABEC2D90DB840077E31B /* WalmartCodingChallengeUITests */ = {
			isa = PBXNativeTarget;
			buildConfigurationList = ED5FABF52D90DB840077E31B /* Build configuration list for PBXNativeTarget "WalmartCodingChallengeUITests" */;
			buildPhases = (
				ED5FABE92D90DB840077E31B /* Sources */,
				ED5FABEA2D90DB840077E31B /* Frameworks */,
				ED5FABEB2D90DB840077E31B /* Resources */,
			);
			buildRules = (
			);
			dependencies = (
				ED5FABF42D90DB840077E31B /* PBXTargetDependency */,
			);
			fileSystemSynchronizedGroups = (
				ED5FABEE2D90DB840077E31B /* WalmartCodingChallengeUITests */,
			);
			name = WalmartCodingChallengeUITests;
			packageProductDependencies = (
			);
			productName = WalmartCodingChallengeUITests;
			productReference = ED5FABED2D90DB840077E31B /* WalmartCodingChallengeUITests.xctest */;
			productType = "com.apple.product-type.bundle.ui-testing";
		};
		EDAF7A462D8D8E4B00C503EE /* WalmartCodingChallenge */ = {
			isa = PBXNativeTarget;
			buildConfigurationList = EDAF7A702D8D8E4C00C503EE /* Build configuration list for PBXNativeTarget "WalmartCodingChallenge" */;
			buildPhases = (
				EDAF7A432D8D8E4B00C503EE /* Sources */,
				EDAF7A442D8D8E4B00C503EE /* Frameworks */,
				EDAF7A452D8D8E4B00C503EE /* Resources */,
			);
			buildRules = (
			);
			dependencies = (
			);
			fileSystemSynchronizedGroups = (
				EDAF7A492D8D8E4B00C503EE /* WalmartCodingChallenge */,
			);
			name = WalmartCodingChallenge;
			packageProductDependencies = (
			);
			productName = WalmartCodingChallenge;
			productReference = EDAF7A472D8D8E4B00C503EE /* WalmartCodingChallenge.app */;
			productType = "com.apple.product-type.application";
		};
/* End PBXNativeTarget section */

/* Begin PBXProject section */
		EDAF7A3F2D8D8E4B00C503EE /* Project object */ = {
			isa = PBXProject;
			attributes = {
				BuildIndependentTargetsInParallel = 1;
				LastSwiftUpdateCheck = 1620;
				LastUpgradeCheck = 1620;
				TargetAttributes = {
					ED5FABDF2D90DB6E0077E31B = {
						CreatedOnToolsVersion = 16.2;
						TestTargetID = EDAF7A462D8D8E4B00C503EE;
					};
					ED5FABEC2D90DB840077E31B = {
						CreatedOnToolsVersion = 16.2;
						TestTargetID = EDAF7A462D8D8E4B00C503EE;
					};
					EDAF7A462D8D8E4B00C503EE = {
						CreatedOnToolsVersion = 16.2;
					};
				};
			};
			buildConfigurationList = EDAF7A422D8D8E4B00C503EE /* Build configuration list for PBXProject "WalmartCodingChallenge" */;
			developmentRegion = en;
			hasScannedForEncodings = 0;
			knownRegions = (
				en,
				Base,
			);
			mainGroup = EDAF7A3E2D8D8E4B00C503EE;
			minimizedProjectReferenceProxies = 1;
			preferredProjectObjectVersion = 77;
			productRefGroup = EDAF7A482D8D8E4B00C503EE /* Products */;
			projectDirPath = "";
			projectRoot = "";
			targets = (
				EDAF7A462D8D8E4B00C503EE /* WalmartCodingChallenge */,
				ED5FABDF2D90DB6E0077E31B /* WalmartCodingChallengeUnitTests */,
				ED5FABEC2D90DB840077E31B /* WalmartCodingChallengeUITests */,
			);
		};
/* End PBXProject section */

/* Begin PBXResourcesBuildPhase section */
		ED5FABDE2D90DB6E0077E31B /* Resources */ = {
			isa = PBXResourcesBuildPhase;
			buildActionMask = 2147483647;
			files = (
			);
			runOnlyForDeploymentPostprocessing = 0;
		};
		ED5FABEB2D90DB840077E31B /* Resources */ = {
			isa = PBXResourcesBuildPhase;
			buildActionMask = 2147483647;
			files = (
			);
			runOnlyForDeploymentPostprocessing = 0;
		};
		EDAF7A452D8D8E4B00C503EE /* Resources */ = {
			isa = PBXResourcesBuildPhase;
			buildActionMask = 2147483647;
			files = (
			);
			runOnlyForDeploymentPostprocessing = 0;
		};
/* End PBXResourcesBuildPhase section */

/* Begin PBXSourcesBuildPhase section */
		ED5FABDC2D90DB6E0077E31B /* Sources */ = {
			isa = PBXSourcesBuildPhase;
			buildActionMask = 2147483647;
			files = (
			);
			runOnlyForDeploymentPostprocessing = 0;
		};
		ED5FABE92D90DB840077E31B /* Sources */ = {
			isa = PBXSourcesBuildPhase;
			buildActionMask = 2147483647;
			files = (
			);
			runOnlyForDeploymentPostprocessing = 0;
		};
		EDAF7A432D8D8E4B00C503EE /* Sources */ = {
			isa = PBXSourcesBuildPhase;
			buildActionMask = 2147483647;
			files = (
			);
			runOnlyForDeploymentPostprocessing = 0;
		};
/* End PBXSourcesBuildPhase section */

/* Begin PBXTargetDependency section */
		ED5FABE52D90DB6E0077E31B /* PBXTargetDependency */ = {
			isa = PBXTargetDependency;
			target = EDAF7A462D8D8E4B00C503EE /* WalmartCodingChallenge */;
			targetProxy = ED5FABE42D90DB6E0077E31B /* PBXContainerItemProxy */;
		};
		ED5FABF42D90DB840077E31B /* PBXTargetDependency */ = {
			isa = PBXTargetDependency;
			target = EDAF7A462D8D8E4B00C503EE /* WalmartCodingChallenge */;
			targetProxy = ED5FABF32D90DB840077E31B /* PBXContainerItemProxy */;
		};
/* End PBXTargetDependency section */

/* Begin XCBuildConfiguration section */
		ED5FABE72D90DB6E0077E31B /* Debug */ = {
			isa = XCBuildConfiguration;
			buildSettings = {
				BUNDLE_LOADER = "$(TEST_HOST)";
				CODE_SIGN_STYLE = Automatic;
				CURRENT_PROJECT_VERSION = 1;
				DEVELOPMENT_TEAM = 8KS89M4CWF;
				GENERATE_INFOPLIST_FILE = YES;
				MARKETING_VERSION = 1.0;
				PRODUCT_BUNDLE_IDENTIFIER = CodingChallenge.WalmartCodingChallengeUnitTests;
				PRODUCT_NAME = "$(TARGET_NAME)";
				SWIFT_EMIT_LOC_STRINGS = NO;
				SWIFT_VERSION = 5.0;
				TARGETED_DEVICE_FAMILY = "1,2";
				TEST_HOST = "$(BUILT_PRODUCTS_DIR)/WalmartCodingChallenge.app/$(BUNDLE_EXECUTABLE_FOLDER_PATH)/WalmartCodingChallenge";
			};
			name = Debug;
		};
		ED5FABE82D90DB6E0077E31B /* Release */ = {
			isa = XCBuildConfiguration;
			buildSettings = {
				BUNDLE_LOADER = "$(TEST_HOST)";
				CODE_SIGN_STYLE = Automatic;
				CURRENT_PROJECT_VERSION = 1;
				DEVELOPMENT_TEAM = 8KS89M4CWF;
				GENERATE_INFOPLIST_FILE = YES;
				MARKETING_VERSION = 1.0;
				PRODUCT_BUNDLE_IDENTIFIER = CodingChallenge.WalmartCodingChallengeUnitTests;
				PRODUCT_NAME = "$(TARGET_NAME)";
				SWIFT_EMIT_LOC_STRINGS = NO;
				SWIFT_VERSION = 5.0;
				TARGETED_DEVICE_FAMILY = "1,2";
				TEST_HOST = "$(BUILT_PRODUCTS_DIR)/WalmartCodingChallenge.app/$(BUNDLE_EXECUTABLE_FOLDER_PATH)/WalmartCodingChallenge";
			};
			name = Release;
		};
		ED5FABF62D90DB840077E31B /* Debug */ = {
			isa = XCBuildConfiguration;
			buildSettings = {
				CODE_SIGN_STYLE = Automatic;
				CURRENT_PROJECT_VERSION = 1;
				DEVELOPMENT_TEAM = 8KS89M4CWF;
				GENERATE_INFOPLIST_FILE = YES;
				MARKETING_VERSION = 1.0;
				PRODUCT_BUNDLE_IDENTIFIER = CodingChallenge.WalmartCodingChallengeUITests;
				PRODUCT_NAME = "$(TARGET_NAME)";
				SWIFT_EMIT_LOC_STRINGS = NO;
				SWIFT_VERSION = 5.0;
				TARGETED_DEVICE_FAMILY = "1,2";
				TEST_TARGET_NAME = WalmartCodingChallenge;
			};
			name = Debug;
		};
		ED5FABF72D90DB840077E31B /* Release */ = {
			isa = XCBuildConfiguration;
			buildSettings = {
				CODE_SIGN_STYLE = Automatic;
				CURRENT_PROJECT_VERSION = 1;
				DEVELOPMENT_TEAM = 8KS89M4CWF;
				GENERATE_INFOPLIST_FILE = YES;
				MARKETING_VERSION = 1.0;
				PRODUCT_BUNDLE_IDENTIFIER = CodingChallenge.WalmartCodingChallengeUITests;
				PRODUCT_NAME = "$(TARGET_NAME)";
				SWIFT_EMIT_LOC_STRINGS = NO;
				SWIFT_VERSION = 5.0;
				TARGETED_DEVICE_FAMILY = "1,2";
				TEST_TARGET_NAME = WalmartCodingChallenge;
			};
			name = Release;
		};
		EDAF7A712D8D8E4C00C503EE /* Debug */ = {
			isa = XCBuildConfiguration;
			buildSettings = {
				ASSETCATALOG_COMPILER_APPICON_NAME = AppIcon;
				ASSETCATALOG_COMPILER_GLOBAL_ACCENT_COLOR_NAME = AccentColor;
				CODE_SIGN_STYLE = Automatic;
				CURRENT_PROJECT_VERSION = 1;
				DEVELOPMENT_TEAM = 8KS89M4CWF;
				GENERATE_INFOPLIST_FILE = YES;
				INFOPLIST_FILE = WalmartCodingChallenge/Info.plist;
				INFOPLIST_KEY_UIApplicationSupportsIndirectInputEvents = YES;
				INFOPLIST_KEY_UILaunchStoryboardName = LaunchScreen;
				INFOPLIST_KEY_UIMainStoryboardFile = Main;
				INFOPLIST_KEY_UISupportedInterfaceOrientations_iPad = "UIInterfaceOrientationPortrait UIInterfaceOrientationPortraitUpsideDown UIInterfaceOrientationLandscapeLeft UIInterfaceOrientationLandscapeRight";
				INFOPLIST_KEY_UISupportedInterfaceOrientations_iPhone = "UIInterfaceOrientationPortrait UIInterfaceOrientationLandscapeLeft UIInterfaceOrientationLandscapeRight";
				LD_RUNPATH_SEARCH_PATHS = (
					"$(inherited)",
					"@executable_path/Frameworks",
				);
				MARKETING_VERSION = 1.0;
				PRODUCT_BUNDLE_IDENTIFIER = CodingChallenge.WalmartCodingChallenge;
				PRODUCT_NAME = "$(TARGET_NAME)";
				SWIFT_EMIT_LOC_STRINGS = YES;
				SWIFT_VERSION = 5.0;
				TARGETED_DEVICE_FAMILY = "1,2";
			};
			name = Debug;
		};
		EDAF7A722D8D8E4C00C503EE /* Release */ = {
			isa = XCBuildConfiguration;
			buildSettings = {
				ASSETCATALOG_COMPILER_APPICON_NAME = AppIcon;
				ASSETCATALOG_COMPILER_GLOBAL_ACCENT_COLOR_NAME = AccentColor;
				CODE_SIGN_STYLE = Automatic;
				CURRENT_PROJECT_VERSION = 1;
				DEVELOPMENT_TEAM = 8KS89M4CWF;
				GENERATE_INFOPLIST_FILE = YES;
				INFOPLIST_FILE = WalmartCodingChallenge/Info.plist;
				INFOPLIST_KEY_UIApplicationSupportsIndirectInputEvents = YES;
				INFOPLIST_KEY_UILaunchStoryboardName = LaunchScreen;
				INFOPLIST_KEY_UIMainStoryboardFile = Main;
				INFOPLIST_KEY_UISupportedInterfaceOrientations_iPad = "UIInterfaceOrientationPortrait UIInterfaceOrientationPortraitUpsideDown UIInterfaceOrientationLandscapeLeft UIInterfaceOrientationLandscapeRight";
				INFOPLIST_KEY_UISupportedInterfaceOrientations_iPhone = "UIInterfaceOrientationPortrait UIInterfaceOrientationLandscapeLeft UIInterfaceOrientationLandscapeRight";
				LD_RUNPATH_SEARCH_PATHS = (
					"$(inherited)",
					"@executable_path/Frameworks",
				);
				MARKETING_VERSION = 1.0;
				PRODUCT_BUNDLE_IDENTIFIER = CodingChallenge.WalmartCodingChallenge;
				PRODUCT_NAME = "$(TARGET_NAME)";
				SWIFT_EMIT_LOC_STRINGS = YES;
				SWIFT_VERSION = 5.0;
				TARGETED_DEVICE_FAMILY = "1,2";
			};
			name = Release;
		};
		EDAF7A732D8D8E4C00C503EE /* Debug */ = {
			isa = XCBuildConfiguration;
			buildSettings = {
				ALWAYS_SEARCH_USER_PATHS = NO;
				ASSETCATALOG_COMPILER_GENERATE_SWIFT_ASSET_SYMBOL_EXTENSIONS = YES;
				CLANG_ANALYZER_NONNULL = YES;
				CLANG_ANALYZER_NUMBER_OBJECT_CONVERSION = YES_AGGRESSIVE;
				CLANG_CXX_LANGUAGE_STANDARD = "gnu++20";
				CLANG_ENABLE_MODULES = YES;
				CLANG_ENABLE_OBJC_ARC = YES;
				CLANG_ENABLE_OBJC_WEAK = YES;
				CLANG_WARN_BLOCK_CAPTURE_AUTORELEASING = YES;
				CLANG_WARN_BOOL_CONVERSION = YES;
				CLANG_WARN_COMMA = YES;
				CLANG_WARN_CONSTANT_CONVERSION = YES;
				CLANG_WARN_DEPRECATED_OBJC_IMPLEMENTATIONS = YES;
				CLANG_WARN_DIRECT_OBJC_ISA_USAGE = YES_ERROR;
				CLANG_WARN_DOCUMENTATION_COMMENTS = YES;
				CLANG_WARN_EMPTY_BODY = YES;
				CLANG_WARN_ENUM_CONVERSION = YES;
				CLANG_WARN_INFINITE_RECURSION = YES;
				CLANG_WARN_INT_CONVERSION = YES;
				CLANG_WARN_NON_LITERAL_NULL_CONVERSION = YES;
				CLANG_WARN_OBJC_IMPLICIT_RETAIN_SELF = YES;
				CLANG_WARN_OBJC_LITERAL_CONVERSION = YES;
				CLANG_WARN_OBJC_ROOT_CLASS = YES_ERROR;
				CLANG_WARN_QUOTED_INCLUDE_IN_FRAMEWORK_HEADER = YES;
				CLANG_WARN_RANGE_LOOP_ANALYSIS = YES;
				CLANG_WARN_STRICT_PROTOTYPES = YES;
				CLANG_WARN_SUSPICIOUS_MOVE = YES;
				CLANG_WARN_UNGUARDED_AVAILABILITY = YES_AGGRESSIVE;
				CLANG_WARN_UNREACHABLE_CODE = YES;
				CLANG_WARN__DUPLICATE_METHOD_MATCH = YES;
				COPY_PHASE_STRIP = NO;
				DEBUG_INFORMATION_FORMAT = dwarf;
				ENABLE_STRICT_OBJC_MSGSEND = YES;
				ENABLE_TESTABILITY = YES;
				ENABLE_USER_SCRIPT_SANDBOXING = YES;
				GCC_C_LANGUAGE_STANDARD = gnu17;
				GCC_DYNAMIC_NO_PIC = NO;
				GCC_NO_COMMON_BLOCKS = YES;
				GCC_OPTIMIZATION_LEVEL = 0;
				GCC_PREPROCESSOR_DEFINITIONS = (
					"DEBUG=1",
					"$(inherited)",
				);
				GCC_WARN_64_TO_32_BIT_CONVERSION = YES;
				GCC_WARN_ABOUT_RETURN_TYPE = YES_ERROR;
				GCC_WARN_UNDECLARED_SELECTOR = YES;
				GCC_WARN_UNINITIALIZED_AUTOS = YES_AGGRESSIVE;
				GCC_WARN_UNUSED_FUNCTION = YES;
				GCC_WARN_UNUSED_VARIABLE = YES;
				IPHONEOS_DEPLOYMENT_TARGET = 18.2;
				LOCALIZATION_PREFERS_STRING_CATALOGS = YES;
				MTL_ENABLE_DEBUG_INFO = INCLUDE_SOURCE;
				MTL_FAST_MATH = YES;
				ONLY_ACTIVE_ARCH = YES;
				SDKROOT = iphoneos;
				SWIFT_ACTIVE_COMPILATION_CONDITIONS = "DEBUG $(inherited)";
				SWIFT_OPTIMIZATION_LEVEL = "-Onone";
			};
			name = Debug;
		};
		EDAF7A742D8D8E4C00C503EE /* Release */ = {
			isa = XCBuildConfiguration;
			buildSettings = {
				ALWAYS_SEARCH_USER_PATHS = NO;
				ASSETCATALOG_COMPILER_GENERATE_SWIFT_ASSET_SYMBOL_EXTENSIONS = YES;
				CLANG_ANALYZER_NONNULL = YES;
				CLANG_ANALYZER_NUMBER_OBJECT_CONVERSION = YES_AGGRESSIVE;
				CLANG_CXX_LANGUAGE_STANDARD = "gnu++20";
				CLANG_ENABLE_MODULES = YES;
				CLANG_ENABLE_OBJC_ARC = YES;
				CLANG_ENABLE_OBJC_WEAK = YES;
				CLANG_WARN_BLOCK_CAPTURE_AUTORELEASING = YES;
				CLANG_WARN_BOOL_CONVERSION = YES;
				CLANG_WARN_COMMA = YES;
				CLANG_WARN_CONSTANT_CONVERSION = YES;
				CLANG_WARN_DEPRECATED_OBJC_IMPLEMENTATIONS = YES;
				CLANG_WARN_DIRECT_OBJC_ISA_USAGE = YES_ERROR;
				CLANG_WARN_DOCUMENTATION_COMMENTS = YES;
				CLANG_WARN_EMPTY_BODY = YES;
				CLANG_WARN_ENUM_CONVERSION = YES;
				CLANG_WARN_INFINITE_RECURSION = YES;
				CLANG_WARN_INT_CONVERSION = YES;
				CLANG_WARN_NON_LITERAL_NULL_CONVERSION = YES;
				CLANG_WARN_OBJC_IMPLICIT_RETAIN_SELF = YES;
				CLANG_WARN_OBJC_LITERAL_CONVERSION = YES;
				CLANG_WARN_OBJC_ROOT_CLASS = YES_ERROR;
				CLANG_WARN_QUOTED_INCLUDE_IN_FRAMEWORK_HEADER = YES;
				CLANG_WARN_RANGE_LOOP_ANALYSIS = YES;
				CLANG_WARN_STRICT_PROTOTYPES = YES;
				CLANG_WARN_SUSPICIOUS_MOVE = YES;
				CLANG_WARN_UNGUARDED_AVAILABILITY = YES_AGGRESSIVE;
				CLANG_WARN_UNREACHABLE_CODE = YES;
				CLANG_WARN__DUPLICATE_METHOD_MATCH = YES;
				COPY_PHASE_STRIP = NO;
				DEBUG_INFORMATION_FORMAT = "dwarf-with-dsym";
				ENABLE_NS_ASSERTIONS = NO;
				ENABLE_STRICT_OBJC_MSGSEND = YES;
				ENABLE_USER_SCRIPT_SANDBOXING = YES;
				GCC_C_LANGUAGE_STANDARD = gnu17;
				GCC_NO_COMMON_BLOCKS = YES;
				GCC_WARN_64_TO_32_BIT_CONVERSION = YES;
				GCC_WARN_ABOUT_RETURN_TYPE = YES_ERROR;
				GCC_WARN_UNDECLARED_SELECTOR = YES;
				GCC_WARN_UNINITIALIZED_AUTOS = YES_AGGRESSIVE;
				GCC_WARN_UNUSED_FUNCTION = YES;
				GCC_WARN_UNUSED_VARIABLE = YES;
				IPHONEOS_DEPLOYMENT_TARGET = 18.2;
				LOCALIZATION_PREFERS_STRING_CATALOGS = YES;
				MTL_ENABLE_DEBUG_INFO = NO;
				MTL_FAST_MATH = YES;
				SDKROOT = iphoneos;
				SWIFT_COMPILATION_MODE = wholemodule;
				VALIDATE_PRODUCT = YES;
			};
			name = Release;
		};
/* End XCBuildConfiguration section */

/* Begin XCConfigurationList section */
		ED5FABE62D90DB6E0077E31B /* Build configuration list for PBXNativeTarget "WalmartCodingChallengeUnitTests" */ = {
			isa = XCConfigurationList;
			buildConfigurations = (
				ED5FABE72D90DB6E0077E31B /* Debug */,
				ED5FABE82D90DB6E0077E31B /* Release */,
			);
			defaultConfigurationIsVisible = 0;
			defaultConfigurationName = Release;
		};
		ED5FABF52D90DB840077E31B /* Build configuration list for PBXNativeTarget "WalmartCodingChallengeUITests" */ = {
			isa = XCConfigurationList;
			buildConfigurations = (
				ED5FABF62D90DB840077E31B /* Debug */,
				ED5FABF72D90DB840077E31B /* Release */,
			);
			defaultConfigurationIsVisible = 0;
			defaultConfigurationName = Release;
		};
		EDAF7A422D8D8E4B00C503EE /* Build configuration list for PBXProject "WalmartCodingChallenge" */ = {
			isa = XCConfigurationList;
			buildConfigurations = (
				EDAF7A732D8D8E4C00C503EE /* Debug */,
				EDAF7A742D8D8E4C00C503EE /* Release */,
			);
			defaultConfigurationIsVisible = 0;
			defaultConfigurationName = Release;
		};
		EDAF7A702D8D8E4C00C503EE /* Build configuration list for PBXNativeTarget "WalmartCodingChallenge" */ = {
			isa = XCConfigurationList;
			buildConfigurations = (
				EDAF7A712D8D8E4C00C503EE /* Debug */,
				EDAF7A722D8D8E4C00C503EE /* Release */,
			);
			defaultConfigurationIsVisible = 0;
			defaultConfigurationName = Release;
		};
/* End XCConfigurationList section */
	};
	rootObject = EDAF7A3F2D8D8E4B00C503EE /* Project object */;
}
